
Microsoft Visual Studio Solution File, Format Version 12.00
# Visual Studio 14
VisualStudioVersion = 14.0.25420.1
MinimumVisualStudioVersion = 10.0.40219.1
Project("{FAE04EC0-301F-11D3-BF4B-00C04F79EFBC}") = "tryGitHub", "tryGitHub\tryGitHub.csproj", "{C04875DC-CD2F-4A01-8D07-018FBB4B5974}"
EndProject
Global
	GlobalSection(SolutionConfigurationPlatforms) = preSolution
		Debug|Any CPU = Debug|Any CPU
		Release|Any CPU = Release|Any CPU
	EndGlobalSection
	GlobalSection(ProjectConfigurationPlatforms) = postSolution
		{C04875DC-CD2F-4A01-8D07-018FBB4B5974}.Debug|Any CPU.ActiveCfg = Debug|Any CPU
		{C04875DC-CD2F-4A01-8D07-018FBB4B5974}.Debug|Any CPU.Build.0 = Debug|Any CPU
		{C04875DC-CD2F-4A01-8D07-018FBB4B5974}.Release|Any CPU.ActiveCfg = Release|Any CPU
		{C04875DC-CD2F-4A01-8D07-018FBB4B5974}.Release|Any CPU.Build.0 = Release|Any CPU
	EndGlobalSection
	GlobalSection(SolutionProperties) = preSolution
		HideSolutionNode = FALSE
	EndGlobalSection
EndGlobal
